
Microsoft Visual Studio Solution File, Format Version 12.00
# Visual Studio 15
VisualStudioVersion = 15.0.27703.2035
MinimumVisualStudioVersion = 10.0.40219.1
Project("{FAE04EC0-301F-11D3-BF4B-00C04F79EFBC}") = "Chat_Server", "Chat_Server\Chat_Server.csproj", "{1C3DE63A-669D-47EB-A644-15757CA0060F}"
EndProject
Project("{FAE04EC0-301F-11D3-BF4B-00C04F79EFBC}") = "WebServerCore", "WebServerCore\WebServerCore.csproj", "{CB209023-5EA0-4B56-9F9B-33DAB09F2625}"
EndProject
Project("{FAE04EC0-301F-11D3-BF4B-00C04F79EFBC}") = "ConnectionWorker", "ConnectionWorker\ConnectionWorker.csproj", "{862BED63-0901-4542-935B-F2976905CDE0}"
EndProject
Project("{FAE04EC0-301F-11D3-BF4B-00C04F79EFBC}") = "indexController", "indexController\indexController.csproj", "{DD15D22D-8E25-452B-8C2B-CEA670690AB3}"
EndProject
Project("{FAE04EC0-301F-11D3-BF4B-00C04F79EFBC}") = "authController", "authController\authController.csproj", "{B55F3FF2-B37A-41F3-9B44-D9A1419D5D07}"
EndProject
Project("{FAE04EC0-301F-11D3-BF4B-00C04F79EFBC}") = "defaultLayout", "defaultLayout\defaultLayout.csproj", "{78D085C2-5169-4BF4-B62A-14D69D4C74F3}"
EndProject
Project("{2150E333-8FDC-42A3-9474-1A3956D46DE8}") = "Layouts", "Layouts", "{E18FE268-70D0-496A-86AC-A6BCCD5606F1}"
EndProject
Project("{FAE04EC0-301F-11D3-BF4B-00C04F79EFBC}") = "headLayout", "headLayout\headLayout.csproj", "{C11881DA-9BA3-4ABB-94D6-D4C08C21A93D}"
EndProject
Project("{FAE04EC0-301F-11D3-BF4B-00C04F79EFBC}") = "headerLayout", "headerLayout\headerLayout.csproj", "{83B1BA3E-8C7B-49C3-87FD-5A8EB690036F}"
EndProject
Project("{2150E333-8FDC-42A3-9474-1A3956D46DE8}") = "Controllers", "Controllers", "{9ABCB3AC-9683-4498-80F4-9E6F05EB8902}"
EndProject
Project("{2150E333-8FDC-42A3-9474-1A3956D46DE8}") = "Static", "Static", "{72C0CAC7-193D-466B-B222-1380C05D8869}"
EndProject
Project("{FAE04EC0-301F-11D3-BF4B-00C04F79EFBC}") = "authStatic", "authStatic\authStatic.csproj", "{68AC5540-30D2-47D1-8792-6FEED3F07915}"
EndProject
Project("{FAE04EC0-301F-11D3-BF4B-00C04F79EFBC}") = "chatController", "chatController\chatController.csproj", "{54AC1DBD-744A-44BD-B8C3-D95419C7301B}"
EndProject
Global
	GlobalSection(SolutionConfigurationPlatforms) = preSolution
		Debug|Any CPU = Debug|Any CPU
		Release|Any CPU = Release|Any CPU
	EndGlobalSection
	GlobalSection(ProjectConfigurationPlatforms) = postSolution
		{1C3DE63A-669D-47EB-A644-15757CA0060F}.Debug|Any CPU.ActiveCfg = Debug|Any CPU
		{1C3DE63A-669D-47EB-A644-15757CA0060F}.Debug|Any CPU.Build.0 = Debug|Any CPU
		{1C3DE63A-669D-47EB-A644-15757CA0060F}.Release|Any CPU.ActiveCfg = Release|Any CPU
		{1C3DE63A-669D-47EB-A644-15757CA0060F}.Release|Any CPU.Build.0 = Release|Any CPU
		{CB209023-5EA0-4B56-9F9B-33DAB09F2625}.Debug|Any CPU.ActiveCfg = Debug|Any CPU
		{CB209023-5EA0-4B56-9F9B-33DAB09F2625}.Debug|Any CPU.Build.0 = Debug|Any CPU
		{CB209023-5EA0-4B56-9F9B-33DAB09F2625}.Release|Any CPU.ActiveCfg = Release|Any CPU
		{CB209023-5EA0-4B56-9F9B-33DAB09F2625}.Release|Any CPU.Build.0 = Release|Any CPU
		{862BED63-0901-4542-935B-F2976905CDE0}.Debug|Any CPU.ActiveCfg = Debug|Any CPU
		{862BED63-0901-4542-935B-F2976905CDE0}.Debug|Any CPU.Build.0 = Debug|Any CPU
		{862BED63-0901-4542-935B-F2976905CDE0}.Release|Any CPU.ActiveCfg = Release|Any CPU
		{862BED63-0901-4542-935B-F2976905CDE0}.Release|Any CPU.Build.0 = Release|Any CPU
		{DD15D22D-8E25-452B-8C2B-CEA670690AB3}.Debug|Any CPU.ActiveCfg = Debug|Any CPU
		{DD15D22D-8E25-452B-8C2B-CEA670690AB3}.Debug|Any CPU.Build.0 = Debug|Any CPU
		{DD15D22D-8E25-452B-8C2B-CEA670690AB3}.Release|Any CPU.ActiveCfg = Release|Any CPU
		{DD15D22D-8E25-452B-8C2B-CEA670690AB3}.Release|Any CPU.Build.0 = Release|Any CPU
		{B55F3FF2-B37A-41F3-9B44-D9A1419D5D07}.Debug|Any CPU.ActiveCfg = Debug|Any CPU
		{B55F3FF2-B37A-41F3-9B44-D9A1419D5D07}.Debug|Any CPU.Build.0 = Debug|Any CPU
		{B55F3FF2-B37A-41F3-9B44-D9A1419D5D07}.Release|Any CPU.ActiveCfg = Release|Any CPU
		{B55F3FF2-B37A-41F3-9B44-D9A1419D5D07}.Release|Any CPU.Build.0 = Release|Any CPU
		{78D085C2-5169-4BF4-B62A-14D69D4C74F3}.Debug|Any CPU.ActiveCfg = Debug|Any CPU
		{78D085C2-5169-4BF4-B62A-14D69D4C74F3}.Debug|Any CPU.Build.0 = Debug|Any CPU
		{78D085C2-5169-4BF4-B62A-14D69D4C74F3}.Release|Any CPU.ActiveCfg = Release|Any CPU
		{78D085C2-5169-4BF4-B62A-14D69D4C74F3}.Release|Any CPU.Build.0 = Release|Any CPU
		{C11881DA-9BA3-4ABB-94D6-D4C08C21A93D}.Debug|Any CPU.ActiveCfg = Debug|Any CPU
		{C11881DA-9BA3-4ABB-94D6-D4C08C21A93D}.Debug|Any CPU.Build.0 = Debug|Any CPU
		{C11881DA-9BA3-4ABB-94D6-D4C08C21A93D}.Release|Any CPU.ActiveCfg = Release|Any CPU
		{C11881DA-9BA3-4ABB-94D6-D4C08C21A93D}.Release|Any CPU.Build.0 = Release|Any CPU
		{83B1BA3E-8C7B-49C3-87FD-5A8EB690036F}.Debug|Any CPU.ActiveCfg = Debug|Any CPU
		{83B1BA3E-8C7B-49C3-87FD-5A8EB690036F}.Debug|Any CPU.Build.0 = Debug|Any CPU
		{83B1BA3E-8C7B-49C3-87FD-5A8EB690036F}.Release|Any CPU.ActiveCfg = Release|Any CPU
		{83B1BA3E-8C7B-49C3-87FD-5A8EB690036F}.Release|Any CPU.Build.0 = Release|Any CPU
		{68AC5540-30D2-47D1-8792-6FEED3F07915}.Debug|Any CPU.ActiveCfg = Debug|Any CPU
		{68AC5540-30D2-47D1-8792-6FEED3F07915}.Debug|Any CPU.Build.0 = Debug|Any CPU
		{68AC5540-30D2-47D1-8792-6FEED3F07915}.Release|Any CPU.ActiveCfg = Release|Any CPU
		{68AC5540-30D2-47D1-8792-6FEED3F07915}.Release|Any CPU.Build.0 = Release|Any CPU
		{54AC1DBD-744A-44BD-B8C3-D95419C7301B}.Debug|Any CPU.ActiveCfg = Debug|Any CPU
		{54AC1DBD-744A-44BD-B8C3-D95419C7301B}.Debug|Any CPU.Build.0 = Debug|Any CPU
		{54AC1DBD-744A-44BD-B8C3-D95419C7301B}.Release|Any CPU.ActiveCfg = Release|Any CPU
		{54AC1DBD-744A-44BD-B8C3-D95419C7301B}.Release|Any CPU.Build.0 = Release|Any CPU
	EndGlobalSection
	GlobalSection(SolutionProperties) = preSolution
		HideSolutionNode = FALSE
	EndGlobalSection
	GlobalSection(NestedProjects) = preSolution
		{DD15D22D-8E25-452B-8C2B-CEA670690AB3} = {9ABCB3AC-9683-4498-80F4-9E6F05EB8902}
		{B55F3FF2-B37A-41F3-9B44-D9A1419D5D07} = {9ABCB3AC-9683-4498-80F4-9E6F05EB8902}
		{78D085C2-5169-4BF4-B62A-14D69D4C74F3} = {E18FE268-70D0-496A-86AC-A6BCCD5606F1}
		{C11881DA-9BA3-4ABB-94D6-D4C08C21A93D} = {E18FE268-70D0-496A-86AC-A6BCCD5606F1}
		{83B1BA3E-8C7B-49C3-87FD-5A8EB690036F} = {E18FE268-70D0-496A-86AC-A6BCCD5606F1}
		{68AC5540-30D2-47D1-8792-6FEED3F07915} = {72C0CAC7-193D-466B-B222-1380C05D8869}
		{54AC1DBD-744A-44BD-B8C3-D95419C7301B} = {9ABCB3AC-9683-4498-80F4-9E6F05EB8902}
	EndGlobalSection
	GlobalSection(ExtensibilityGlobals) = postSolution
		SolutionGuid = {032FC2A7-F4CB-4FFC-A26B-D4301464D058}
	EndGlobalSection
EndGlobal
